
Microsoft Visual Studio Solution File, Format Version 12.00
# Visual Studio 14
VisualStudioVersion = 14.0.24720.0
MinimumVisualStudioVersion = 10.0.40219.1
Project("{FAE04EC0-301F-11D3-BF4B-00C04F79EFBC}") = "cfcusaga.web", "cfcusaga.web\cfcusaga.web.csproj", "{B71DC31D-F4D4-4464-9803-B8FB9BCF93D0}"
EndProject
Project("{FAE04EC0-301F-11D3-BF4B-00C04F79EFBC}") = "cfcusaga.web.tests", "cfcusaga.web.Tests\cfcusaga.web.tests.csproj", "{A51E72A7-5C16-4452-A58D-869B31D32473}"
EndProject
Project("{FAE04EC0-301F-11D3-BF4B-00C04F79EFBC}") = "cfcusaga.data", "cfcusaga.data\cfcusaga.data.csproj", "{1C61C5BA-18CD-47E1-9250-5E7CD1F63257}"
EndProject
Project("{FAE04EC0-301F-11D3-BF4B-00C04F79EFBC}") = "cfcusaga.domain", "cfcusaga.domain\cfcusaga.domain.csproj", "{76D13ECE-B5EC-494E-B7C6-796817B46BBE}"
EndProject
Project("{2150E333-8FDC-42A3-9474-1A3956D46DE8}") = "NewFolder1", "NewFolder1", "{E91DFFCB-BEC8-4087-95B7-3F23ABD6D73C}"
EndProject
Project("{2150E333-8FDC-42A3-9474-1A3956D46DE8}") = "test-proj", "test-proj", "{D1CB98D4-45EF-4EED-987C-9AC285E4267C}"
EndProject
Project("{FAE04EC0-301F-11D3-BF4B-00C04F79EFBC}") = "AspNet5Mvc", "test-proj\AspNet5Mvc\AspNet5Mvc.csproj", "{045B0FED-EE9E-4A14-8FE4-594121FD502D}"
EndProject
Project("{FAE04EC0-301F-11D3-BF4B-00C04F79EFBC}") = "OpenOrderFramework", "..\..\OpenOrderFramework\OpenOrderFramework\OpenOrderFramework.csproj", "{93A91C19-FCE2-4878-996B-13783DEC988B}"
EndProject
Global
	GlobalSection(SolutionConfigurationPlatforms) = preSolution
		Debug|Any CPU = Debug|Any CPU
		Release|Any CPU = Release|Any CPU
	EndGlobalSection
	GlobalSection(ProjectConfigurationPlatforms) = postSolution
		{B71DC31D-F4D4-4464-9803-B8FB9BCF93D0}.Debug|Any CPU.ActiveCfg = Debug|Any CPU
		{B71DC31D-F4D4-4464-9803-B8FB9BCF93D0}.Debug|Any CPU.Build.0 = Debug|Any CPU
		{B71DC31D-F4D4-4464-9803-B8FB9BCF93D0}.Release|Any CPU.ActiveCfg = Release|Any CPU
		{B71DC31D-F4D4-4464-9803-B8FB9BCF93D0}.Release|Any CPU.Build.0 = Release|Any CPU
		{A51E72A7-5C16-4452-A58D-869B31D32473}.Debug|Any CPU.ActiveCfg = Debug|Any CPU
		{A51E72A7-5C16-4452-A58D-869B31D32473}.Debug|Any CPU.Build.0 = Debug|Any CPU
		{A51E72A7-5C16-4452-A58D-869B31D32473}.Release|Any CPU.ActiveCfg = Release|Any CPU
		{A51E72A7-5C16-4452-A58D-869B31D32473}.Release|Any CPU.Build.0 = Release|Any CPU
		{1C61C5BA-18CD-47E1-9250-5E7CD1F63257}.Debug|Any CPU.ActiveCfg = Debug|Any CPU
		{1C61C5BA-18CD-47E1-9250-5E7CD1F63257}.Debug|Any CPU.Build.0 = Debug|Any CPU
		{1C61C5BA-18CD-47E1-9250-5E7CD1F63257}.Release|Any CPU.ActiveCfg = Release|Any CPU
		{1C61C5BA-18CD-47E1-9250-5E7CD1F63257}.Release|Any CPU.Build.0 = Release|Any CPU
		{76D13ECE-B5EC-494E-B7C6-796817B46BBE}.Debug|Any CPU.ActiveCfg = Debug|Any CPU
		{76D13ECE-B5EC-494E-B7C6-796817B46BBE}.Debug|Any CPU.Build.0 = Debug|Any CPU
		{76D13ECE-B5EC-494E-B7C6-796817B46BBE}.Release|Any CPU.ActiveCfg = Release|Any CPU
		{76D13ECE-B5EC-494E-B7C6-796817B46BBE}.Release|Any CPU.Build.0 = Release|Any CPU
		{045B0FED-EE9E-4A14-8FE4-594121FD502D}.Debug|Any CPU.ActiveCfg = Debug|Any CPU
		{045B0FED-EE9E-4A14-8FE4-594121FD502D}.Debug|Any CPU.Build.0 = Debug|Any CPU
		{045B0FED-EE9E-4A14-8FE4-594121FD502D}.Release|Any CPU.ActiveCfg = Release|Any CPU
		{045B0FED-EE9E-4A14-8FE4-594121FD502D}.Release|Any CPU.Build.0 = Release|Any CPU
		{93A91C19-FCE2-4878-996B-13783DEC988B}.Debug|Any CPU.ActiveCfg = Debug|Any CPU
		{93A91C19-FCE2-4878-996B-13783DEC988B}.Debug|Any CPU.Build.0 = Debug|Any CPU
		{93A91C19-FCE2-4878-996B-13783DEC988B}.Release|Any CPU.ActiveCfg = Release|Any CPU
		{93A91C19-FCE2-4878-996B-13783DEC988B}.Release|Any CPU.Build.0 = Release|Any CPU
	EndGlobalSection
	GlobalSection(SolutionProperties) = preSolution
		HideSolutionNode = FALSE
	EndGlobalSection
	GlobalSection(NestedProjects) = preSolution
		{045B0FED-EE9E-4A14-8FE4-594121FD502D} = {D1CB98D4-45EF-4EED-987C-9AC285E4267C}
		{93A91C19-FCE2-4878-996B-13783DEC988B} = {E91DFFCB-BEC8-4087-95B7-3F23ABD6D73C}
	EndGlobalSection
EndGlobal
